PODS:
  - Capacitor (8.5.0):
    - CapacitorCordova
  - CapacitorApp (8.1.1):
    - Capacitor
  - CapacitorBrowser (8.0.4):
    - Capacitor
  - CapacitorCamera (8.2.2):
    - Capacitor
    - IONCameraLib (~> 1.0.5)
  - CapacitorCommunitySqlite (8.1.0):
    - Capacitor
    - SQLCipher
    - ZIPFoundation
  - CapacitorCordova (8.5.0)
  - CapacitorDevice (8.0.3):
    - Capacitor
  - CapacitorFilesystem (8.1.2):
    - Capacitor
    - IONFilesystemLib (~> 1.1.1)
  - CapacitorHaptics (8.0.2):
    - Capacitor
  - CapacitorKeyboard (8.0.5):
    - Capacitor
  - CapacitorLocalNotifications (8.3.0):
    - Capacitor
  - CapacitorPreferences (8.0.1):
    - Capacitor
  - CapacitorShare (8.0.1):
    - Capacitor
  - CapacitorStatusBar (8.0.3):
    - Capacitor
  - CapacitorWidgetBridge (8.1.0):
    - Capacitor
  - CapgoCapacitorDocumentScanner (8.4.0):
    - Capacitor
  - CordovaPlugins (8.5.0):
    - CapacitorCordova
  - IONCameraLib (1.0.5)
  - IONFilesystemLib (1.1.1)
  - JcesarmobileCapacitorOcr (0.3.0):
    - Capacitor
  - SQLCipher (4.10.0):
    - SQLCipher/standard (= 4.10.0)
  - SQLCipher/common (4.10.0)
  - SQLCipher/standard (4.10.0):
    - SQLCipher/common
  - ZIPFoundation (0.9.20)

DEPENDENCIES:
  - "Capacitor (from `../../node_modules/@capacitor/ios`)"
  - "CapacitorApp (from `../../node_modules/@capacitor/app`)"
  - "CapacitorBrowser (from `../../node_modules/@capacitor/browser`)"
  - "CapacitorCamera (from `../../node_modules/@capacitor/camera`)"
  - "CapacitorCommunitySqlite (from `../../node_modules/@capacitor-community/sqlite`)"
  - "CapacitorCordova (from `../../node_modules/@capacitor/ios`)"
  - "CapacitorDevice (from `../../node_modules/@capacitor/device`)"
  - "CapacitorFilesystem (from `../../node_modules/@capacitor/filesystem`)"
  - "CapacitorHaptics (from `../../node_modules/@capacitor/haptics`)"
  - "CapacitorKeyboard (from `../../node_modules/@capacitor/keyboard`)"
  - "CapacitorLocalNotifications (from `../../node_modules/@capacitor/local-notifications`)"
  - "CapacitorPreferences (from `../../node_modules/@capacitor/preferences`)"
  - "CapacitorShare (from `../../node_modules/@capacitor/share`)"
  - "CapacitorStatusBar (from `../../node_modules/@capacitor/status-bar`)"
  - CapacitorWidgetBridge (from `../../node_modules/capacitor-widget-bridge`)
  - "CapgoCapacitorDocumentScanner (from `../../node_modules/@capgo/capacitor-document-scanner`)"
  - CordovaPlugins (from `../capacitor-cordova-ios-plugins`)
  - "JcesarmobileCapacitorOcr (from `../../node_modules/@jcesarmobile/capacitor-ocr`)"

SPEC REPOS:
  trunk:
    - IONCameraLib
    - IONFilesystemLib
    - SQLCipher
    - ZIPFoundation

EXTERNAL SOURCES:
  Capacitor:
    :path: "../../node_modules/@capacitor/ios"
  CapacitorApp:
    :path: "../../node_modules/@capacitor/app"
  CapacitorBrowser:
    :path: "../../node_modules/@capacitor/browser"
  CapacitorCamera:
    :path: "../../node_modules/@capacitor/camera"
  CapacitorCommunitySqlite:
    :path: "../../node_modules/@capacitor-community/sqlite"
  CapacitorCordova:
    :path: "../../node_modules/@capacitor/ios"
  CapacitorDevice:
    :path: "../../node_modules/@capacitor/device"
  CapacitorFilesystem:
    :path: "../../node_modules/@capacitor/filesystem"
  CapacitorHaptics:
    :path: "../../node_modules/@capacitor/haptics"
  CapacitorKeyboard:
    :path: "../../node_modules/@capacitor/keyboard"
  CapacitorLocalNotifications:
    :path: "../../node_modules/@capacitor/local-notifications"
  CapacitorPreferences:
    :path: "../../node_modules/@capacitor/preferences"
  CapacitorShare:
    :path: "../../node_modules/@capacitor/share"
  CapacitorStatusBar:
    :path: "../../node_modules/@capacitor/status-bar"
  CapacitorWidgetBridge:
    :path: "../../node_modules/capacitor-widget-bridge"
  CapgoCapacitorDocumentScanner:
    :path: "../../node_modules/@capgo/capacitor-document-scanner"
  CordovaPlugins:
    :path: "../capacitor-cordova-ios-plugins"
  JcesarmobileCapacitorOcr:
    :path: "../../node_modules/@jcesarmobile/capacitor-ocr"

SPEC CHECKSUMS:
  Capacitor: 00b87168591cc006ea6f5c0de681ec5c39a2c8eb
  CapacitorApp: 305bd13c44f6f9d164e2ee66a4faa956ed8c0e06
  CapacitorBrowser: 752e0208aa07c7aa63d1f7cde895a3e9519b2656
  CapacitorCamera: a8e5798460aa967d0636d34d3a0bf1f69a5b5a39
  CapacitorCommunitySqlite: eac6acfb852f46e7988fc59604d7f900498d354e
  CapacitorCordova: 9d3acbb574048e7167d2af127a0af2123e619f2f
  CapacitorDevice: 708e742b60a61572cd593e44c809592e8f31da14
  CapacitorFilesystem: 2db285a1ac6e475cc27cae2e1bea999000f9e2be
  CapacitorHaptics: 296f771ecd89c7a1bd92a7b6826a7d268e2e70f5
  CapacitorKeyboard: b6b0744890cdb1d9a96e2cafcc9253fdcc55de3b
  CapacitorLocalNotifications: bf6a3512d1aa8ecf82914e0b36303630a057fb9a
  CapacitorPreferences: cca2021f386efb75947c850334447d9ff22b14f1
  CapacitorShare: 0c58305114538568059bfc07111f22dcb9cb2a82
  CapacitorStatusBar: eca7bc2b58d9f886f1ef9edb66e57a9b29c121af
  CapacitorWidgetBridge: fb5430e41bd19671fa882fbbb532cb74cc664fef
  CapgoCapacitorDocumentScanner: 7ad9e8ed9c054d551bfc948660d995b9545723d8
  CordovaPlugins: 81709c258aaf26da97dcb257d440b15b4ad055ea
  IONCameraLib: ecbd8ef0077d481df429cee267bbeb1a7b9bddd0
  IONFilesystemLib: dfa8706539ac9ab77ccfd6e5b3830ce9b5e57f6c
  JcesarmobileCapacitorOcr: d3668e104d7ad8968a9d00fd4766e18fea0fe305
  SQLCipher: eb79c64049cb002b4e9fcb30edb7979bf4706dfc
  ZIPFoundation: dfd3d681c4053ff7e2f7350bc4e53b5dba3f5351

PODFILE CHECKSUM: 6789c62d01e6d1711cd6339f5a7406a196804e99

COCOAPODS: 1.16.2
